// !$*UTF8*$!
{
	archiveVersion = 1;
	classes = {
	};
	objectVersion = 50;
	objects = {

/* Begin PBXBuildFile section */
		0649D1D3254A9B7E000733CA /* SelectedSiteView.swift in Sources */ = {isa = PBXBuildFile; fileRef = 0649D1D2254A9B7E000733CA /* SelectedSiteView.swift */; };
		0649D1D7254AA381000733CA /* EPAData.swift in Sources */ = {isa = PBXBuildFile; fileRef = 0649D1D6254AA381000733CA /* EPAData.swift */; };
		06E9ADCA254A978A00DA89B7 /* AirQualityWorkShopApp.swift in Sources */ = {isa = PBXBuildFile; fileRef = 06E9ADC9254A978A00DA89B7 /* AirQualityWorkShopApp.swift */; };
		06E9ADCC254A978A00DA89B7 /* ContentView.swift in Sources */ = {isa = PBXBuildFile; fileRef = 06E9ADCB254A978A00DA89B7 /* ContentView.swift */; };
		06E9ADCE254A978F00DA89B7 /* Assets.xcassets in Resources */ = {isa = PBXBuildFile; fileRef = 06E9ADCD254A978F00DA89B7 /* Assets.xcassets */; };
		06E9ADD1254A978F00DA89B7 /* Preview Assets.xcassets in Resources */ = {isa = PBXBuildFile; fileRef = 06E9ADD0254A978F00DA89B7 /* Preview Assets.xcassets */; };
/* End PBXBuildFile section */

/* Begin PBXFileReference section */
		0649D1D2254A9B7E000733CA /* SelectedSiteView.swift */ = {isa = PBXFileReference; lastKnownFileType = sourcecode.swift; path = SelectedSiteView.swift; sourceTree = "<group>"; };
		0649D1D6254AA381000733CA /* EPAData.swift */ = {isa = PBXFileReference; lastKnownFileType = sourcecode.swift; path = EPAData.swift; sourceTree = "<group>"; };
		06E9ADC6254A978A00DA89B7 /* AirQualityWorkShop.app */ = {isa = PBXFileReference; explicitFileType = wrapper.application; includeInIndex = 0; path = AirQualityWorkShop.app; sourceTree = BUILT_PRODUCTS_DIR; };
		06E9ADC9254A978A00DA89B7 /* AirQualityWorkShopApp.swift */ = {isa = PBXFileReference; lastKnownFileType = sourcecode.swift; path = AirQualityWorkShopApp.swift; sourceTree = "<group>"; };
		06E9ADCB254A978A00DA89B7 /* ContentView.swift */ = {isa = PBXFileReference; lastKnownFileType = sourcecode.swift; path = ContentView.swift; sourceTree = "<group>"; };
		06E9ADCD254A978F00DA89B7 /* Assets.xcassets */ = {isa = PBXFileReference; lastKnownFileType = folder.assetcatalog; path = Assets.xcassets; sourceTree = "<group>"; };
		06E9ADD0254A978F00DA89B7 /* Preview Assets.xcassets */ = {isa = PBXFileReference; lastKnownFileType = folder.assetcatalog; path = "Preview Assets.xcassets"; sourceTree = "<group>"; };
		06E9ADD2254A978F00DA89B7 /* Info.plist */ = {isa = PBXFileReference; lastKnownFileType = text.plist.xml; path = Info.plist; sourceTree = "<group>"; };
/* End PBXFileReference section */

/* Begin PBXFrameworksBuildPhase section */
		06E9ADC3254A978A00DA89B7 /* Frameworks */ = {
			isa = PBXFrameworksBuildPhase;
			buildActionMask = 2147483647;
			files = (
			);
			runOnlyForDeploymentPostprocessing = 0;
		};
/* End PBXFrameworksBuildPhase section */

/* Begin PBXGroup section */
		06E9ADBD254A978900DA89B7 = {
			isa = PBXGroup;
			children = (
				06E9ADC8254A978A00DA89B7 /* AirQualityWorkShop */,
				06E9ADC7254A978A00DA89B7 /* Products */,
			);
			sourceTree = "<group>";
		};
		06E9ADC7254A978A00DA89B7 /* Products */ = {
			isa = PBXGroup;
			children = (
				06E9ADC6254A978A00DA89B7 /* AirQualityWorkShop.app */,
			);
			name = Products;
			sourceTree = "<group>";
		};
		06E9ADC8254A978A00DA89B7 /* AirQualityWorkShop */ = {
			isa = PBXGroup;
			children = (
				06E9ADC9254A978A00DA89B7 /* AirQualityWorkShopApp.swift */,
				06E9ADCB254A978A00DA89B7 /* ContentView.swift */,
				0649D1D2254A9B7E000733CA /* SelectedSiteView.swift */,
				0649D1D6254AA381000733CA /* EPAData.swift */,
				06E9ADCD254A978F00DA89B7 /* Assets.xcassets */,
				06E9ADD2254A978F00DA89B7 /* Info.plist */,
				06E9ADCF254A978F00DA89B7 /* Preview Content */,
			);
			path = AirQualityWorkShop;
			sourceTree = "<group>";
		};
		06E9ADCF254A978F00DA89B7 /* Preview Content */ = {
			isa = PBXGroup;
			children = (
				06E9ADD0254A978F00DA89B7 /* Preview Assets.xcassets */,
			);
			path = "Preview Content";
			sourceTree = "<group>";
		};
/* End PBXGroup section */

/* Begin PBXNativeTarget section */
		06E9ADC5254A978A00DA89B7 /* AirQualityWorkShop */ = {
			isa = PBXNativeTarget;
			buildConfigurationList = 06E9ADD5254A978F00DA89B7 /* Build configuration list for PBXNativeTarget "AirQualityWorkShop" */;
			buildPhases = (
				06E9ADC2254A978A00DA89B7 /* Sources */,
				06E9ADC3254A978A00DA89B7 /* Frameworks */,
				06E9ADC4254A978A00DA89B7 /* Resources */,
			);
			buildRules = (
			);
			dependencies = (
			);
			name = AirQualityWorkShop;
			productName = AirQualityWorkShop;
			productReference = 06E9ADC6254A978A00DA89B7 /* AirQualityWorkShop.app */;
			productType = "com.apple.product-type.application";
		};
/* End PBXNativeTarget section */

/* Begin PBXProject section */
		06E9ADBE254A978900DA89B7 /* Project object */ = {
			isa = PBXProject;
			attributes = {
				LastSwiftUpdateCheck = 1210;
				LastUpgradeCheck = 1210;
				TargetAttributes = {
					06E9ADC5254A978A00DA89B7 = {
						CreatedOnToolsVersion = 12.1;
					};
				};
			};
			buildConfigurationList = 06E9ADC1254A978900DA89B7 /* Build configuration list for PBXProject "AirQualityWorkShop" */;
			compatibilityVersion = "Xcode 9.3";
			developmentRegion = en;
			hasScannedForEncodings = 0;
			knownRegions = (
				en,
				Base,
			);
			mainGroup = 06E9ADBD254A978900DA89B7;
			productRefGroup = 06E9ADC7254A978A00DA89B7 /* Products */;
			projectDirPath = "";
			projectRoot = "";
			targets = (
				06E9ADC5254A978A00DA89B7 /* AirQualityWorkShop */,
			);
		};
/* End PBXProject section */

/* Begin PBXResourcesBuildPhase section */
		06E9ADC4254A978A00DA89B7 /* Resources */ = {
			isa = PBXResourcesBuildPhase;
			buildActionMask = 2147483647;
			files = (
				06E9ADD1254A978F00DA89B7 /* Preview Assets.xcassets in Resources */,
				06E9ADCE254A978F00DA89B7 /* Assets.xcassets in Resources */,
			);
			runOnlyForDeploymentPostprocessing = 0;
		};
/* End PBXResourcesBuildPhase section */

/* Begin PBXSourcesBuildPhase section */
		06E9ADC2254A978A00DA89B7 /* Sources */ = {
			isa = PBXSourcesBuildPhase;
			buildActionMask = 2147483647;
			files = (
				0649D1D7254AA381000733CA /* EPAData.swift in Sources */,
				06E9ADCC254A978A00DA89B7 /* ContentView.swift in Sources */,
				06E9ADCA254A978A00DA89B7 /* AirQualityWorkShopApp.swift in Sources */,
				0649D1D3254A9B7E000733CA /* SelectedSiteView.swift in Sources */,
			);
			runOnlyForDeploymentPostprocessing = 0;
		};
/* End PBXSourcesBuildPhase section */

/* Begin XCBuildConfiguration section */
		06E9ADD3254A978F00DA89B7 /* Debug */ = {
			isa = XCBuildConfiguration;
			buildSettings = {
				ALWAYS_SEARCH_USER_PATHS = NO;
				CLANG_ANALYZER_NONNULL = YES;
				CLANG_ANALYZER_NUMBER_OBJECT_CONVERSION = YES_AGGRESSIVE;
				CLANG_CXX_LANGUAGE_STANDARD = "gnu++14";
				CLANG_CXX_LIBRARY = "libc++";
				CLANG_ENABLE_MODULES = YES;
				CLANG_ENABLE_OBJC_ARC = YES;
				CLANG_ENABLE_OBJC_WEAK = YES;
				CLANG_WARN_BLOCK_CAPTURE_AUTORELEASING = YES;
				CLANG_WARN_BOOL_CONVERSION = YES;
				CLANG_WARN_COMMA = YES;
				CLANG_WARN_CONSTANT_CONVERSION = YES;
				CLANG_WARN_DEPRECATED_OBJC_IMPLEMENTATIONS = YES;
				CLANG_WARN_DIRECT_OBJC_ISA_USAGE = YES_ERROR;
				CLANG_WARN_DOCUMENTATION_COMMENTS = YES;
				CLANG_WARN_EMPTY_BODY = YES;
				CLANG_WARN_ENUM_CONVERSION = YES;
				CLANG_WARN_INFINITE_RECURSION = YES;
				CLANG_WARN_INT_CONVERSION = YES;
				CLANG_WARN_NON_LITERAL_NULL_CONVERSION = YES;
				CLANG_WARN_OBJC_IMPLICIT_RETAIN_SELF = YES;
				CLANG_WARN_OBJC_LITERAL_CONVERSION = YES;
				CLANG_WARN_OBJC_ROOT_CLASS = YES_ERROR;
				CLANG_WARN_QUOTED_INCLUDE_IN_FRAMEWORK_HEADER = YES;
				CLANG_WARN_RANGE_LOOP_ANALYSIS = YES;
				CLANG_WARN_STRICT_PROTOTYPES = YES;
				CLANG_WARN_SUSPICIOUS_MOVE = YES;
				CLANG_WARN_UNGUARDED_AVAILABILITY = YES_AGGRESSIVE;
				CLANG_WARN_UNREACHABLE_CODE = YES;
				CLANG_WARN__DUPLICATE_METHOD_MATCH = YES;
				COPY_PHASE_STRIP = NO;
				DEBUG_INFORMATION_FORMAT = dwarf;
				ENABLE_STRICT_OBJC_MSGSEND = YES;
				ENABLE_TESTABILITY = YES;
				GCC_C_LANGUAGE_STANDARD = gnu11;
				GCC_DYNAMIC_NO_PIC = NO;
				GCC_NO_COMMON_BLOCKS = YES;
				GCC_OPTIMIZATION_LEVEL = 0;
				GCC_PREPROCESSOR_DEFINITIONS = (
					"DEBUG=1",
					"$(inherited)",
				);
				GCC_WARN_64_TO_32_BIT_CONVERSION = YES;
				GCC_WARN_ABOUT_RETURN_TYPE = YES_ERROR;
				GCC_WARN_UNDECLARED_SELECTOR = YES;
				GCC_WARN_UNINITIALIZED_AUTOS = YES_AGGRESSIVE;
				GCC_WARN_UNUSED_FUNCTION = YES;
				GCC_WARN_UNUSED_VARIABLE = YES;
				IPHONEOS_DEPLOYMENT_TARGET = 14.1;
				MTL_ENABLE_DEBUG_INFO = INCLUDE_SOURCE;
				MTL_FAST_MATH = YES;
				ONLY_ACTIVE_ARCH = YES;
				SDKROOT = iphoneos;
				SWIFT_ACTIVE_COMPILATION_CONDITIONS = DEBUG;
				SWIFT_OPTIMIZATION_LEVEL = "-Onone";
			};
			name = Debug;
		};
		06E9ADD4254A978F00DA89B7 /* Release */ = {
			isa = XCBuildConfiguration;
			buildSettings = {
				ALWAYS_SEARCH_USER_PATHS = NO;
				CLANG_ANALYZER_NONNULL = YES;
				CLANG_ANALYZER_NUMBER_OBJECT_CONVERSION = YES_AGGRESSIVE;
				CLANG_CXX_LANGUAGE_STANDARD = "gnu++14";
				CLANG_CXX_LIBRARY = "libc++";
				CLANG_ENABLE_MODULES = YES;
				CLANG_ENABLE_OBJC_ARC = YES;
				CLANG_ENABLE_OBJC_WEAK = YES;
				CLANG_WARN_BLOCK_CAPTURE_AUTORELEASING = YES;
				CLANG_WARN_BOOL_CONVERSION = YES;
				CLANG_WARN_COMMA = YES;
				CLANG_WARN_CONSTANT_CONVERSION = YES;
				CLANG_WARN_DEPRECATED_OBJC_IMPLEMENTATIONS = YES;
				CLANG_WARN_DIRECT_OBJC_ISA_USAGE = YES_ERROR;
				CLANG_WARN_DOCUMENTATION_COMMENTS = YES;
				CLANG_WARN_EMPTY_BODY = YES;
				CLANG_WARN_ENUM_CONVERSION = YES;
				CLANG_WARN_INFINITE_RECURSION = YES;
				CLANG_WARN_INT_CONVERSION = YES;
				CLANG_WARN_NON_LITERAL_NULL_CONVERSION = YES;
				CLANG_WARN_OBJC_IMPLICIT_RETAIN_SELF = YES;
				CLANG_WARN_OBJC_LITERAL_CONVERSION = YES;
				CLANG_WARN_OBJC_ROOT_CLASS = YES_ERROR;
				CLANG_WARN_QUOTED_INCLUDE_IN_FRAMEWORK_HEADER = YES;
				CLANG_WARN_RANGE_LOOP_ANALYSIS = YES;
				CLANG_WARN_STRICT_PROTOTYPES = YES;
				CLANG_WARN_SUSPICIOUS_MOVE = YES;
				CLANG_WARN_UNGUARDED_AVAILABILITY = YES_AGGRESSIVE;
				CLANG_WARN_UNREACHABLE_CODE = YES;
				CLANG_WARN__DUPLICATE_METHOD_MATCH = YES;
				COPY_PHASE_STRIP = NO;
				DEBUG_INFORMATION_FORMAT = "dwarf-with-dsym";
				ENABLE_NS_ASSERTIONS = NO;
				ENABLE_STRICT_OBJC_MSGSEND = YES;
				GCC_C_LANGUAGE_STANDARD = gnu11;
				GCC_NO_COMMON_BLOCKS = YES;
				GCC_WARN_64_TO_32_BIT_CONVERSION = YES;
				GCC_WARN_ABOUT_RETURN_TYPE = YES_ERROR;
				GCC_WARN_UNDECLARED_SELECTOR = YES;
				GCC_WARN_UNINITIALIZED_AUTOS = YES_AGGRESSIVE;
				GCC_WARN_UNUSED_FUNCTION = YES;
				GCC_WARN_UNUSED_VARIABLE = YES;
				IPHONEOS_DEPLOYMENT_TARGET = 14.1;
				MTL_ENABLE_DEBUG_INFO = NO;
				MTL_FAST_MATH = YES;
				SDKROOT = iphoneos;
				SWIFT_COMPILATION_MODE = wholemodule;
				SWIFT_OPTIMIZATION_LEVEL = "-O";
				VALIDATE_PRODUCT = YES;
			};
			name = Release;
		};
		06E9ADD6254A978F00DA89B7 /* Debug */ = {
			isa = XCBuildConfiguration;
			buildSettings = {
				ASSETCATALOG_COMPILER_APPICON_NAME = AppIcon;
				ASSETCATALOG_COMPILER_GLOBAL_ACCENT_COLOR_NAME = AccentColor;
				CODE_SIGN_STYLE = Automatic;
				DEVELOPMENT_ASSET_PATHS = "\"AirQualityWorkShop/Preview Content\"";
				DEVELOPMENT_TEAM = 65AXX8RM75;
				ENABLE_PREVIEWS = YES;
				INFOPLIST_FILE = AirQualityWorkShop/Info.plist;
				IPHONEOS_DEPLOYMENT_TARGET = 14.0;
				LD_RUNPATH_SEARCH_PATHS = (
					"$(inherited)",
					"@executable_path/Frameworks",
				);
				PRODUCT_BUNDLE_IDENTIFIER = home.AirQualityWorkShop;
				PRODUCT_NAME = "$(TARGET_NAME)";
				SWIFT_VERSION = 5.0;
				TARGETED_DEVICE_FAMILY = "1,2";
			};
			name = Debug;
		};
		06E9ADD7254A978F00DA89B7 /* Release */ = {
			isa = XCBuildConfiguration;
			buildSettings = {
				ASSETCATALOG_COMPILER_APPICON_NAME = AppIcon;
				ASSETCATALOG_COMPILER_GLOBAL_ACCENT_COLOR_NAME = AccentColor;
				CODE_SIGN_STYLE = Automatic;
				DEVELOPMENT_ASSET_PATHS = "\"AirQualityWorkShop/Preview Content\"";
				DEVELOPMENT_TEAM = 65AXX8RM75;
				ENABLE_PREVIEWS = YES;
				INFOPLIST_FILE = AirQualityWorkShop/Info.plist;
				IPHONEOS_DEPLOYMENT_TARGET = 14.0;
				LD_RUNPATH_SEARCH_PATHS = (
					"$(inherited)",
					"@executable_path/Frameworks",
				);
				PRODUCT_BUNDLE_IDENTIFIER = home.AirQualityWorkShop;
				PRODUCT_NAME = "$(TARGET_NAME)";
				SWIFT_VERSION = 5.0;
				TARGETED_DEVICE_FAMILY = "1,2";
			};
			name = Release;
		};
/* End XCBuildConfiguration section */

/* Begin XCConfigurationList section */
		06E9ADC1254A978900DA89B7 /* Build configuration list for PBXProject "AirQualityWorkShop" */ = {
			isa = XCConfigurationList;
			buildConfigurations = (
				06E9ADD3254A978F00DA89B7 /* Debug */,
				06E9ADD4254A978F00DA89B7 /* Release */,
			);
			defaultConfigurationIsVisible = 0;
			defaultConfigurationName = Release;
		};
		06E9ADD5254A978F00DA89B7 /* Build configuration list for PBXNativeTarget "AirQualityWorkShop" */ = {
			isa = XCConfigurationList;
			buildConfigurations = (
				06E9ADD6254A978F00DA89B7 /* Debug */,
				06E9ADD7254A978F00DA89B7 /* Release */,
			);
			defaultConfigurationIsVisible = 0;
			defaultConfigurationName = Release;
		};
/* End XCConfigurationList section */
	};
	rootObject = 06E9ADBE254A978900DA89B7 /* Project object */;
}
